{
  "nodes": {
    "auth-ms-develop": {
      "inputs": {
        "nixpkgs": "nixpkgs",
        "poetry2nix": "poetry2nix"
      },
      "locked": {
        "lastModified": 1703767106,
        "narHash": "sha256-jzHjMaZBhFta8uPCe5oQyT0U0FDVaDIENw6RvtzZDWs=",
        "owner": "Bootstrap-Academy",
        "repo": "auth-ms",
        "rev": "f3f076722cc948af6a73aeb5e3fc630aaeed18ab",
        "type": "github"
      },
      "original": {
        "owner": "Bootstrap-Academy",
        "ref": "develop",
        "repo": "auth-ms",
        "type": "github"
      }
    },
    "challenges-ms": {
      "inputs": {
        "nixpkgs": "nixpkgs_3"
      },
      "locked": {
        "lastModified": 1702649724,
        "narHash": "sha256-RkZFrhr1dWgFMLlA58vKI3Zo22MTK0KP/x46QkMUS5E=",
        "owner": "Bootstrap-Academy",
        "repo": "challenges-ms",
        "rev": "2c9b327694354675e3295b72cb1ffc280ab2722f",
        "type": "github"
      },
      "original": {
        "owner": "Bootstrap-Academy",
        "ref": "latest",
        "repo": "challenges-ms",
        "type": "github"
      }
    },
    "challenges-ms-develop": {
      "inputs": {
        "nixpkgs": "nixpkgs_4"
      },
      "locked": {
        "lastModified": 1703660516,
        "narHash": "sha256-8bNhVvcV7cbf0swCykKfGB3C5oLIpOWmNK3NL3Nkmq8=",
        "owner": "Bootstrap-Academy",
        "repo": "challenges-ms",
        "rev": "a5c65e4543337bf7d3352bba6d18f6aaa5b6030e",
        "type": "github"
      },
      "original": {
        "owner": "Bootstrap-Academy",
        "ref": "develop",
        "repo": "challenges-ms",
        "type": "github"
      }
    },
    "deploy-sh": {
      "inputs": {
        "nixpkgs": "nixpkgs_5"
      },
      "locked": {
        "lastModified": 1702476797,
        "narHash": "sha256-e7FD/gdbwSbmNLfuVPxCCCCJvxJ4pHmVE2mOs/I8VZM=",
        "owner": "Defelo",
        "repo": "deploy-sh",
        "rev": "1dc68838ee67ccba2a8f84730f5e95598f65ed1d",
        "type": "github"
      },
      "original": {
        "owner": "Defelo",
        "repo": "deploy-sh",
        "type": "github"
      }
    },
    "events-ms-develop": {
      "inputs": {
        "nixpkgs": "nixpkgs_6",
        "poetry2nix": "poetry2nix_2"
      },
      "locked": {
        "lastModified": 1703764559,
        "narHash": "sha256-LXeBMgYlPHC6LCoPrSj4UiR/d+EVwH3kxbO/fWj9kXE=",
        "owner": "Bootstrap-Academy",
        "repo": "events-ms",
        "rev": "e971d2fcf15d99ca759f04c97860862a8a5c9b78",
        "type": "github"
      },
      "original": {
        "owner": "Bootstrap-Academy",
        "ref": "develop",
        "repo": "events-ms",
        "type": "github"
      }
    },
    "flake-utils": {
      "inputs": {
        "systems": "systems"
      },
      "locked": {
        "lastModified": 1694529238,
        "narHash": "sha256-zsNZZGTGnMOf9YpHKJqMSsa0dXbfmxeoJ7xHlrt+xmY=",
        "owner": "numtide",
        "repo": "flake-utils",
        "rev": "ff7b65b44d01cf9ba6a71320833626af21126384",
        "type": "github"
      },
      "original": {
        "owner": "numtide",
        "repo": "flake-utils",
        "type": "github"
      }
    },
    "flake-utils_2": {
      "inputs": {
        "systems": "systems_3"
      },
      "locked": {
        "lastModified": 1694529238,
        "narHash": "sha256-zsNZZGTGnMOf9YpHKJqMSsa0dXbfmxeoJ7xHlrt+xmY=",
        "owner": "numtide",
        "repo": "flake-utils",
        "rev": "ff7b65b44d01cf9ba6a71320833626af21126384",
        "type": "github"
      },
      "original": {
        "owner": "numtide",
        "repo": "flake-utils",
        "type": "github"
      }
    },
    "flake-utils_3": {
      "inputs": {
        "systems": "systems_5"
      },
      "locked": {
        "lastModified": 1694529238,
        "narHash": "sha256-zsNZZGTGnMOf9YpHKJqMSsa0dXbfmxeoJ7xHlrt+xmY=",
        "owner": "numtide",
        "repo": "flake-utils",
        "rev": "ff7b65b44d01cf9ba6a71320833626af21126384",
        "type": "github"
      },
      "original": {
        "owner": "numtide",
        "repo": "flake-utils",
        "type": "github"
      }
    },
    "flake-utils_4": {
      "inputs": {
        "systems": "systems_7"
      },
      "locked": {
        "lastModified": 1694529238,
        "narHash": "sha256-zsNZZGTGnMOf9YpHKJqMSsa0dXbfmxeoJ7xHlrt+xmY=",
        "owner": "numtide",
        "repo": "flake-utils",
        "rev": "ff7b65b44d01cf9ba6a71320833626af21126384",
        "type": "github"
      },
      "original": {
        "owner": "numtide",
        "repo": "flake-utils",
        "type": "github"
      }
    },
    "flake-utils_5": {
      "inputs": {
        "systems": "systems_9"
      },
      "locked": {
        "lastModified": 1694529238,
        "narHash": "sha256-zsNZZGTGnMOf9YpHKJqMSsa0dXbfmxeoJ7xHlrt+xmY=",
        "owner": "numtide",
        "repo": "flake-utils",
        "rev": "ff7b65b44d01cf9ba6a71320833626af21126384",
        "type": "github"
      },
      "original": {
        "owner": "numtide",
        "repo": "flake-utils",
        "type": "github"
      }
    },
    "jobs-ms-develop": {
      "inputs": {
        "nixpkgs": "nixpkgs_8",
        "poetry2nix": "poetry2nix_3"
      },
      "locked": {
        "lastModified": 1703765541,
        "narHash": "sha256-z2wsdy7JoieE3l4QPEDS7sFTRk9J3KXsR4e8Ksun6Jk=",
        "owner": "Bootstrap-Academy",
        "repo": "jobs-ms",
        "rev": "edaa5194a8d7adf1b9374522ab36b1722093f8e9",
        "type": "github"
      },
      "original": {
        "owner": "Bootstrap-Academy",
        "ref": "develop",
        "repo": "jobs-ms",
        "type": "github"
      }
    },
    "nfnix": {
      "locked": {
        "lastModified": 1683705192,
        "narHash": "sha256-W6Tkt30TQOBjV1kLEXun9/3mYUIBCDNHDJnGo/9cYo4=",
        "owner": "Defelo",
        "repo": "nfnix",
        "rev": "5f6bf62a2b8ac584e15833d2d115fd87970f5dfa",
        "type": "github"
      },
      "original": {
        "owner": "Defelo",
        "repo": "nfnix",
        "type": "github"
      }
    },
    "nix-github-actions": {
      "inputs": {
        "nixpkgs": [
          "auth-ms-develop",
          "poetry2nix",
          "nixpkgs"
        ]
      },
      "locked": {
        "lastModified": 1698974481,
        "narHash": "sha256-yPncV9Ohdz1zPZxYHQf47S8S0VrnhV7nNhCawY46hDA=",
        "owner": "nix-community",
        "repo": "nix-github-actions",
        "rev": "4bb5e752616262457bc7ca5882192a564c0472d2",
        "type": "github"
      },
      "original": {
        "owner": "nix-community",
        "repo": "nix-github-actions",
        "type": "github"
      }
    },
    "nix-github-actions_2": {
      "inputs": {
        "nixpkgs": [
          "events-ms-develop",
          "poetry2nix",
          "nixpkgs"
        ]
      },
      "locked": {
        "lastModified": 1698974481,
        "narHash": "sha256-yPncV9Ohdz1zPZxYHQf47S8S0VrnhV7nNhCawY46hDA=",
        "owner": "nix-community",
        "repo": "nix-github-actions",
        "rev": "4bb5e752616262457bc7ca5882192a564c0472d2",
        "type": "github"
      },
      "original": {
        "owner": "nix-community",
        "repo": "nix-github-actions",
        "type": "github"
      }
    },
    "nix-github-actions_3": {
      "inputs": {
        "nixpkgs": [
          "jobs-ms-develop",
          "poetry2nix",
          "nixpkgs"
        ]
      },
      "locked": {
        "lastModified": 1698974481,
        "narHash": "sha256-yPncV9Ohdz1zPZxYHQf47S8S0VrnhV7nNhCawY46hDA=",
        "owner": "nix-community",
        "repo": "nix-github-actions",
        "rev": "4bb5e752616262457bc7ca5882192a564c0472d2",
        "type": "github"
      },
      "original": {
        "owner": "nix-community",
        "repo": "nix-github-actions",
        "type": "github"
      }
    },
    "nix-github-actions_4": {
      "inputs": {
        "nixpkgs": [
          "shop-ms-develop",
          "poetry2nix",
          "nixpkgs"
        ]
      },
      "locked": {
        "lastModified": 1698974481,
        "narHash": "sha256-yPncV9Ohdz1zPZxYHQf47S8S0VrnhV7nNhCawY46hDA=",
        "owner": "nix-community",
        "repo": "nix-github-actions",
        "rev": "4bb5e752616262457bc7ca5882192a564c0472d2",
        "type": "github"
      },
      "original": {
        "owner": "nix-community",
        "repo": "nix-github-actions",
        "type": "github"
      }
    },
    "nix-github-actions_5": {
      "inputs": {
        "nixpkgs": [
          "skills-ms-develop",
          "poetry2nix",
          "nixpkgs"
        ]
      },
      "locked": {
        "lastModified": 1698974481,
        "narHash": "sha256-yPncV9Ohdz1zPZxYHQf47S8S0VrnhV7nNhCawY46hDA=",
        "owner": "nix-community",
        "repo": "nix-github-actions",
        "rev": "4bb5e752616262457bc7ca5882192a564c0472d2",
        "type": "github"
      },
      "original": {
        "owner": "nix-community",
        "repo": "nix-github-actions",
        "type": "github"
      }
    },
    "nixpkgs": {
      "locked": {
        "lastModified": 1699725108,
        "narHash": "sha256-NTiPW4jRC+9puakU4Vi8WpFEirhp92kTOSThuZke+FA=",
        "owner": "NixOS",
        "repo": "nixpkgs",
        "rev": "911ad1e67f458b6bcf0278fa85e33bb9924fed7e",
        "type": "github"
      },
      "original": {
        "owner": "NixOS",
        "ref": "nixpkgs-unstable",
        "repo": "nixpkgs",
        "type": "github"
      }
    },
    "nixpkgs-master": {
      "locked": {
        "lastModified": 1703701227,
        "narHash": "sha256-D6uzzO28X5G6dQn8bbmuSF6JsNSnuyUqfxdOQgqaDKw=",
        "owner": "NixOS",
        "repo": "nixpkgs",
        "rev": "20a0bf9f422fcb6f8b8f4849e127de40b8c33a27",
        "type": "github"
      },
      "original": {
        "owner": "NixOS",
        "repo": "nixpkgs",
        "type": "github"
      }
    },
    "nixpkgs-old": {
      "locked": {
        "lastModified": 1688392541,
        "narHash": "sha256-lHrKvEkCPTUO+7tPfjIcb7Trk6k31rz18vkyqmkeJfY=",
        "owner": "NixOS",
        "repo": "nixpkgs",
        "rev": "ea4c80b39be4c09702b0cb3b42eab59e2ba4f24b",
        "type": "github"
      },
      "original": {
        "owner": "NixOS",
        "ref": "release-22.11",
        "repo": "nixpkgs",
        "type": "github"
      }
    },
    "nixpkgs-stable": {
      "locked": {
        "lastModified": 1703351344,
        "narHash": "sha256-9FEelzftkE9UaJ5nqxidaJJPEhe9TPhbypLHmc2Mysc=",
        "owner": "NixOS",
        "repo": "nixpkgs",
        "rev": "7790e078f8979a9fcd543f9a47427eeaba38f268",
        "type": "github"
      },
      "original": {
        "owner": "NixOS",
        "ref": "release-23.05",
        "repo": "nixpkgs",
        "type": "github"
      }
    },
    "nixpkgs_10": {
      "locked": {
        "lastModified": 1703467016,
        "narHash": "sha256-/5A/dNPhbQx/Oa2d+Get174eNI3LERQ7u6WTWOlR1eQ=",
        "owner": "NixOS",
        "repo": "nixpkgs",
        "rev": "d02d818f22c777aa4e854efc3242ec451e5d462a",
        "type": "github"
      },
      "original": {
        "owner": "NixOS",
        "ref": "nixos-23.11",
        "repo": "nixpkgs",
        "type": "github"
      }
    },
    "nixpkgs_11": {
      "locked": {
        "lastModified": 1703693486,
        "narHash": "sha256-tuzNTOs+1zR2BEVKKrRRGdpR/n095AXIcT8Me1px2bI=",
        "owner": "NixOS",
        "repo": "nixpkgs",
        "rev": "671c2d3e1506a7ee1583515ca80cb3474fdc9c95",
        "type": "github"
      },
      "original": {
        "owner": "NixOS",
        "ref": "release-23.11",
        "repo": "nixpkgs",
        "type": "github"
      }
    },
    "nixpkgs_12": {
      "locked": {
        "lastModified": 1699725108,
        "narHash": "sha256-NTiPW4jRC+9puakU4Vi8WpFEirhp92kTOSThuZke+FA=",
        "owner": "NixOS",
        "repo": "nixpkgs",
        "rev": "911ad1e67f458b6bcf0278fa85e33bb9924fed7e",
        "type": "github"
      },
      "original": {
        "owner": "NixOS",
        "ref": "nixpkgs-unstable",
        "repo": "nixpkgs",
        "type": "github"
      }
    },
    "nixpkgs_13": {
      "locked": {
        "lastModified": 1699838902,
        "narHash": "sha256-gtaGIer0Fg7QUvsUFsKIjrns32lhnd+o6FvIyokzcKQ=",
        "owner": "NixOS",
        "repo": "nixpkgs",
        "rev": "6c986b681d6b35affcc4eda42db63595ab01860e",
        "type": "github"
      },
      "original": {
        "owner": "NixOS",
        "ref": "master",
        "repo": "nixpkgs",
        "type": "github"
      }
    },
    "nixpkgs_14": {
      "locked": {
        "lastModified": 1699725108,
        "narHash": "sha256-NTiPW4jRC+9puakU4Vi8WpFEirhp92kTOSThuZke+FA=",
        "owner": "NixOS",
        "repo": "nixpkgs",
        "rev": "911ad1e67f458b6bcf0278fa85e33bb9924fed7e",
        "type": "github"
      },
      "original": {
        "owner": "NixOS",
        "ref": "nixpkgs-unstable",
        "repo": "nixpkgs",
        "type": "github"
      }
    },
    "nixpkgs_15": {
      "locked": {
        "lastModified": 1699838902,
        "narHash": "sha256-gtaGIer0Fg7QUvsUFsKIjrns32lhnd+o6FvIyokzcKQ=",
        "owner": "NixOS",
        "repo": "nixpkgs",
        "rev": "6c986b681d6b35affcc4eda42db63595ab01860e",
        "type": "github"
      },
      "original": {
        "owner": "NixOS",
        "ref": "master",
        "repo": "nixpkgs",
        "type": "github"
      }
    },
    "nixpkgs_16": {
      "locked": {
        "lastModified": 1703134684,
        "narHash": "sha256-SQmng1EnBFLzS7WSRyPM9HgmZP2kLJcPAz+Ug/nug6o=",
        "owner": "NixOS",
        "repo": "nixpkgs",
        "rev": "d6863cbcbbb80e71cecfc03356db1cda38919523",
        "type": "github"
      },
      "original": {
        "owner": "NixOS",
        "ref": "nixpkgs-unstable",
        "repo": "nixpkgs",
        "type": "github"
      }
    },
    "nixpkgs_2": {
      "locked": {
        "lastModified": 1699838902,
        "narHash": "sha256-gtaGIer0Fg7QUvsUFsKIjrns32lhnd+o6FvIyokzcKQ=",
        "owner": "NixOS",
        "repo": "nixpkgs",
        "rev": "6c986b681d6b35affcc4eda42db63595ab01860e",
        "type": "github"
      },
      "original": {
        "owner": "NixOS",
        "ref": "master",
        "repo": "nixpkgs",
        "type": "github"
      }
    },
    "nixpkgs_3": {
      "locked": {
        "lastModified": 1699725108,
        "narHash": "sha256-NTiPW4jRC+9puakU4Vi8WpFEirhp92kTOSThuZke+FA=",
        "owner": "NixOS",
        "repo": "nixpkgs",
        "rev": "911ad1e67f458b6bcf0278fa85e33bb9924fed7e",
        "type": "github"
      },
      "original": {
        "owner": "NixOS",
        "ref": "nixpkgs-unstable",
        "repo": "nixpkgs",
        "type": "github"
      }
    },
    "nixpkgs_4": {
      "locked": {
        "lastModified": 1699725108,
        "narHash": "sha256-NTiPW4jRC+9puakU4Vi8WpFEirhp92kTOSThuZke+FA=",
        "owner": "NixOS",
        "repo": "nixpkgs",
        "rev": "911ad1e67f458b6bcf0278fa85e33bb9924fed7e",
        "type": "github"
      },
      "original": {
        "owner": "NixOS",
        "ref": "nixpkgs-unstable",
        "repo": "nixpkgs",
        "type": "github"
      }
    },
    "nixpkgs_5": {
      "locked": {
        "lastModified": 1702312524,
        "narHash": "sha256-gkZJRDBUCpTPBvQk25G0B7vfbpEYM5s5OZqghkjZsnE=",
        "owner": "NixOS",
        "repo": "nixpkgs",
        "rev": "a9bf124c46ef298113270b1f84a164865987a91c",
        "type": "github"
      },
      "original": {
        "owner": "NixOS",
        "ref": "nixos-unstable",
        "repo": "nixpkgs",
        "type": "github"
      }
    },
    "nixpkgs_6": {
      "locked": {
        "lastModified": 1699725108,
        "narHash": "sha256-NTiPW4jRC+9puakU4Vi8WpFEirhp92kTOSThuZke+FA=",
        "owner": "NixOS",
        "repo": "nixpkgs",
        "rev": "911ad1e67f458b6bcf0278fa85e33bb9924fed7e",
        "type": "github"
      },
      "original": {
        "owner": "NixOS",
        "ref": "nixpkgs-unstable",
        "repo": "nixpkgs",
        "type": "github"
      }
    },
    "nixpkgs_7": {
      "locked": {
        "lastModified": 1699838902,
        "narHash": "sha256-gtaGIer0Fg7QUvsUFsKIjrns32lhnd+o6FvIyokzcKQ=",
        "owner": "NixOS",
        "repo": "nixpkgs",
        "rev": "6c986b681d6b35affcc4eda42db63595ab01860e",
        "type": "github"
      },
      "original": {
        "owner": "NixOS",
        "ref": "master",
        "repo": "nixpkgs",
        "type": "github"
      }
    },
    "nixpkgs_8": {
      "locked": {
        "lastModified": 1699725108,
        "narHash": "sha256-NTiPW4jRC+9puakU4Vi8WpFEirhp92kTOSThuZke+FA=",
        "owner": "NixOS",
        "repo": "nixpkgs",
        "rev": "911ad1e67f458b6bcf0278fa85e33bb9924fed7e",
        "type": "github"
      },
      "original": {
        "owner": "NixOS",
        "ref": "nixpkgs-unstable",
        "repo": "nixpkgs",
        "type": "github"
      }
    },
    "nixpkgs_9": {
      "locked": {
        "lastModified": 1699838902,
        "narHash": "sha256-gtaGIer0Fg7QUvsUFsKIjrns32lhnd+o6FvIyokzcKQ=",
        "owner": "NixOS",
        "repo": "nixpkgs",
        "rev": "6c986b681d6b35affcc4eda42db63595ab01860e",
        "type": "github"
      },
      "original": {
        "owner": "NixOS",
        "ref": "master",
        "repo": "nixpkgs",
        "type": "github"
      }
    },
    "poetry2nix": {
      "inputs": {
        "flake-utils": "flake-utils",
        "nix-github-actions": "nix-github-actions",
        "nixpkgs": "nixpkgs_2",
        "systems": "systems_2",
        "treefmt-nix": "treefmt-nix"
      },
      "locked": {
        "lastModified": 1703076010,
        "narHash": "sha256-VaoDgib09zqtF0rREUvD2inmE9N4ECT1i02DVAhmOPk=",
        "owner": "nix-community",
        "repo": "poetry2nix",
        "rev": "b76e91da74ad7af0bc397561a59a19fcbc2ad488",
        "type": "github"
      },
      "original": {
        "owner": "nix-community",
        "repo": "poetry2nix",
        "type": "github"
      }
    },
    "poetry2nix_2": {
      "inputs": {
        "flake-utils": "flake-utils_2",
        "nix-github-actions": "nix-github-actions_2",
        "nixpkgs": "nixpkgs_7",
        "systems": "systems_4",
        "treefmt-nix": "treefmt-nix_2"
      },
      "locked": {
        "lastModified": 1703216642,
        "narHash": "sha256-9ZxL8UGFLBUepcoujK6CtkGgQhxWkHnDl0r9+h+0uik=",
        "owner": "nix-community",
        "repo": "poetry2nix",
        "rev": "1c75a009920f66138877318358f8a07a8bca443e",
        "type": "github"
      },
      "original": {
        "owner": "nix-community",
        "repo": "poetry2nix",
        "type": "github"
      }
    },
    "poetry2nix_3": {
      "inputs": {
        "flake-utils": "flake-utils_3",
        "nix-github-actions": "nix-github-actions_3",
        "nixpkgs": "nixpkgs_9",
        "systems": "systems_6",
        "treefmt-nix": "treefmt-nix_3"
      },
      "locked": {
        "lastModified": 1703216642,
        "narHash": "sha256-9ZxL8UGFLBUepcoujK6CtkGgQhxWkHnDl0r9+h+0uik=",
        "owner": "nix-community",
        "repo": "poetry2nix",
        "rev": "1c75a009920f66138877318358f8a07a8bca443e",
        "type": "github"
      },
      "original": {
        "owner": "nix-community",
        "repo": "poetry2nix",
        "type": "github"
      }
    },
    "poetry2nix_4": {
      "inputs": {
        "flake-utils": "flake-utils_4",
        "nix-github-actions": "nix-github-actions_4",
        "nixpkgs": "nixpkgs_13",
        "systems": "systems_8",
        "treefmt-nix": "treefmt-nix_4"
      },
      "locked": {
        "lastModified": 1703216642,
        "narHash": "sha256-9ZxL8UGFLBUepcoujK6CtkGgQhxWkHnDl0r9+h+0uik=",
        "owner": "nix-community",
        "repo": "poetry2nix",
        "rev": "1c75a009920f66138877318358f8a07a8bca443e",
        "type": "github"
      },
      "original": {
        "owner": "nix-community",
        "repo": "poetry2nix",
        "type": "github"
      }
    },
    "poetry2nix_5": {
      "inputs": {
        "flake-utils": "flake-utils_5",
        "nix-github-actions": "nix-github-actions_5",
        "nixpkgs": "nixpkgs_15",
        "systems": "systems_10",
        "treefmt-nix": "treefmt-nix_5"
      },
      "locked": {
        "lastModified": 1703216642,
        "narHash": "sha256-9ZxL8UGFLBUepcoujK6CtkGgQhxWkHnDl0r9+h+0uik=",
        "owner": "nix-community",
        "repo": "poetry2nix",
        "rev": "1c75a009920f66138877318358f8a07a8bca443e",
        "type": "github"
      },
      "original": {
        "owner": "nix-community",
        "repo": "poetry2nix",
        "type": "github"
      }
    },
    "root": {
      "inputs": {
        "auth-ms-develop": "auth-ms-develop",
        "challenges-ms": "challenges-ms",
        "challenges-ms-develop": "challenges-ms-develop",
        "deploy-sh": "deploy-sh",
        "events-ms-develop": "events-ms-develop",
        "jobs-ms-develop": "jobs-ms-develop",
        "nfnix": "nfnix",
        "nixpkgs": "nixpkgs_10",
        "sandkasten": "sandkasten",
        "shop-ms-develop": "shop-ms-develop",
        "skills-ms-develop": "skills-ms-develop",
        "sops-nix": "sops-nix"
      }
    },
    "sandkasten": {
      "inputs": {
        "nixpkgs": "nixpkgs_11",
        "nixpkgs-master": "nixpkgs-master",
        "nixpkgs-old": "nixpkgs-old"
      },
      "locked": {
        "lastModified": 1703704092,
        "narHash": "sha256-f0MqCvXAwoUcj2kvC9Ad+kkNofCWpMuT1pFRPpCiEx4=",
        "owner": "Defelo",
        "repo": "sandkasten",
        "rev": "3e44ebbefecc1748b6c00c468031545f1d0abd4d",
        "type": "github"
      },
      "original": {
        "owner": "Defelo",
        "repo": "sandkasten",
        "type": "github"
      }
    },
    "shop-ms-develop": {
      "inputs": {
        "nixpkgs": "nixpkgs_12",
        "poetry2nix": "poetry2nix_4"
      },
      "locked": {
        "lastModified": 1703763216,
        "narHash": "sha256-/NIkelPAoFXehw0S3ojqQvJ73WmQJ7D/e1djS2lnbQU=",
        "owner": "Bootstrap-Academy",
        "repo": "shop-ms",
        "rev": "2f2f644dd0b803529fcb43ac8556526e5be1b905",
        "type": "github"
      },
      "original": {
        "owner": "Bootstrap-Academy",
        "ref": "develop",
        "repo": "shop-ms",
        "type": "github"
      }
    },
    "skills-ms-develop": {
      "inputs": {
        "nixpkgs": "nixpkgs_14",
        "poetry2nix": "poetry2nix_5"
      },
      "locked": {
        "lastModified": 1703765520,
        "narHash": "sha256-ajcEHxDdSaJfnYyWU6uVVcRu4neKCIBxMNnOuNJwiY4=",
        "owner": "Bootstrap-Academy",
        "repo": "skills-ms",
        "rev": "aadb5a02611c04d0386a9c7c12f7187916ab9615",
        "type": "github"
      },
      "original": {
        "owner": "Bootstrap-Academy",
        "ref": "develop",
        "repo": "skills-ms",
        "type": "github"
      }
    },
    "sops-nix": {
      "inputs": {
        "nixpkgs": "nixpkgs_16",
        "nixpkgs-stable": "nixpkgs-stable"
      },
      "locked": {
        "lastModified": 1703387502,
        "narHash": "sha256-JnWuQmyanPtF8c5yAEFXVWzaIlMxA3EAZCh8XNvnVqE=",
        "owner": "Mic92",
        "repo": "sops-nix",
        "rev": "e523e89763ff45f0a6cf15bcb1092636b1da9ed3",
        "type": "github"
      },
      "original": {
        "owner": "Mic92",
        "repo": "sops-nix",
        "type": "github"
      }
    },
    "systems": {
      "locked": {
        "lastModified": 1681028828,
        "narHash": "sha256-Vy1rq5AaRuLzOxct8nz4T6wlgyUR7zLU309k9mBC768=",
        "owner": "nix-systems",
        "repo": "default",
        "rev": "da67096a3b9bf56a91d16901293e51ba5b49a27e",
        "type": "github"
      },
      "original": {
        "owner": "nix-systems",
        "repo": "default",
        "type": "github"
      }
    },
    "systems_10": {
      "locked": {
        "lastModified": 1681028828,
        "narHash": "sha256-Vy1rq5AaRuLzOxct8nz4T6wlgyUR7zLU309k9mBC768=",
        "owner": "nix-systems",
        "repo": "default",
        "rev": "da67096a3b9bf56a91d16901293e51ba5b49a27e",
        "type": "github"
      },
      "original": {
        "id": "systems",
        "type": "indirect"
      }
    },
    "systems_2": {
      "locked": {
        "lastModified": 1681028828,
        "narHash": "sha256-Vy1rq5AaRuLzOxct8nz4T6wlgyUR7zLU309k9mBC768=",
        "owner": "nix-systems",
        "repo": "default",
        "rev": "da67096a3b9bf56a91d16901293e51ba5b49a27e",
        "type": "github"
      },
      "original": {
        "id": "systems",
        "type": "indirect"
      }
    },
    "systems_3": {
      "locked": {
        "lastModified": 1681028828,
        "narHash": "sha256-Vy1rq5AaRuLzOxct8nz4T6wlgyUR7zLU309k9mBC768=",
        "owner": "nix-systems",
        "repo": "default",
        "rev": "da67096a3b9bf56a91d16901293e51ba5b49a27e",
        "type": "github"
      },
      "original": {
        "owner": "nix-systems",
        "repo": "default",
        "type": "github"
      }
    },
    "systems_4": {
      "locked": {
        "lastModified": 1681028828,
        "narHash": "sha256-Vy1rq5AaRuLzOxct8nz4T6wlgyUR7zLU309k9mBC768=",
        "owner": "nix-systems",
        "repo": "default",
        "rev": "da67096a3b9bf56a91d16901293e51ba5b49a27e",
        "type": "github"
      },
      "original": {
        "id": "systems",
        "type": "indirect"
      }
    },
    "systems_5": {
      "locked": {
        "lastModified": 1681028828,
        "narHash": "sha256-Vy1rq5AaRuLzOxct8nz4T6wlgyUR7zLU309k9mBC768=",
        "owner": "nix-systems",
        "repo": "default",
        "rev": "da67096a3b9bf56a91d16901293e51ba5b49a27e",
        "type": "github"
      },
      "original": {
        "owner": "nix-systems",
        "repo": "default",
        "type": "github"
      }
    },
    "systems_6": {
      "locked": {
        "lastModified": 1681028828,
        "narHash": "sha256-Vy1rq5AaRuLzOxct8nz4T6wlgyUR7zLU309k9mBC768=",
        "owner": "nix-systems",
        "repo": "default",
        "rev": "da67096a3b9bf56a91d16901293e51ba5b49a27e",
        "type": "github"
      },
      "original": {
        "id": "systems",
        "type": "indirect"
      }
    },
    "systems_7": {
      "locked": {
        "lastModified": 1681028828,
        "narHash": "sha256-Vy1rq5AaRuLzOxct8nz4T6wlgyUR7zLU309k9mBC768=",
        "owner": "nix-systems",
        "repo": "default",
        "rev": "da67096a3b9bf56a91d16901293e51ba5b49a27e",
        "type": "github"
      },
      "original": {
        "owner": "nix-systems",
        "repo": "default",
        "type": "github"
      }
    },
    "systems_8": {
      "locked": {
        "lastModified": 1681028828,
        "narHash": "sha256-Vy1rq5AaRuLzOxct8nz4T6wlgyUR7zLU309k9mBC768=",
        "owner": "nix-systems",
        "repo": "default",
        "rev": "da67096a3b9bf56a91d16901293e51ba5b49a27e",
        "type": "github"
      },
      "original": {
        "id": "systems",
        "type": "indirect"
      }
    },
    "systems_9": {
      "locked": {
        "lastModified": 1681028828,
        "narHash": "sha256-Vy1rq5AaRuLzOxct8nz4T6wlgyUR7zLU309k9mBC768=",
        "owner": "nix-systems",
        "repo": "default",
        "rev": "da67096a3b9bf56a91d16901293e51ba5b49a27e",
        "type": "github"
      },
      "original": {
        "owner": "nix-systems",
        "repo": "default",
        "type": "github"
      }
    },
    "treefmt-nix": {
      "inputs": {
        "nixpkgs": [
          "auth-ms-develop",
          "poetry2nix",
          "nixpkgs"
        ]
      },
      "locked": {
        "lastModified": 1699786194,
        "narHash": "sha256-3h3EH1FXQkIeAuzaWB+nK0XK54uSD46pp+dMD3gAcB4=",
        "owner": "numtide",
        "repo": "treefmt-nix",
        "rev": "e82f32aa7f06bbbd56d7b12186d555223dc399d1",
        "type": "github"
      },
      "original": {
        "owner": "numtide",
        "repo": "treefmt-nix",
        "type": "github"
      }
    },
    "treefmt-nix_2": {
      "inputs": {
        "nixpkgs": [
          "events-ms-develop",
          "poetry2nix",
          "nixpkgs"
        ]
      },
      "locked": {
        "lastModified": 1699786194,
        "narHash": "sha256-3h3EH1FXQkIeAuzaWB+nK0XK54uSD46pp+dMD3gAcB4=",
        "owner": "numtide",
        "repo": "treefmt-nix",
        "rev": "e82f32aa7f06bbbd56d7b12186d555223dc399d1",
        "type": "github"
      },
      "original": {
        "owner": "numtide",
        "repo": "treefmt-nix",
        "type": "github"
      }
    },
    "treefmt-nix_3": {
      "inputs": {
        "nixpkgs": [
          "jobs-ms-develop",
          "poetry2nix",
          "nixpkgs"
        ]
      },
      "locked": {
        "lastModified": 1699786194,
        "narHash": "sha256-3h3EH1FXQkIeAuzaWB+nK0XK54uSD46pp+dMD3gAcB4=",
        "owner": "numtide",
        "repo": "treefmt-nix",
        "rev": "e82f32aa7f06bbbd56d7b12186d555223dc399d1",
        "type": "github"
      },
      "original": {
        "owner": "numtide",
        "repo": "treefmt-nix",
        "type": "github"
      }
    },
    "treefmt-nix_4": {
      "inputs": {
        "nixpkgs": [
          "shop-ms-develop",
          "poetry2nix",
          "nixpkgs"
        ]
      },
      "locked": {
        "lastModified": 1699786194,
        "narHash": "sha256-3h3EH1FXQkIeAuzaWB+nK0XK54uSD46pp+dMD3gAcB4=",
        "owner": "numtide",
        "repo": "treefmt-nix",
        "rev": "e82f32aa7f06bbbd56d7b12186d555223dc399d1",
        "type": "github"
      },
      "original": {
        "owner": "numtide",
        "repo": "treefmt-nix",
        "type": "github"
      }
    },
    "treefmt-nix_5": {
      "inputs": {
        "nixpkgs": [
          "skills-ms-develop",
          "poetry2nix",
          "nixpkgs"
        ]
      },
      "locked": {
        "lastModified": 1699786194,
        "narHash": "sha256-3h3EH1FXQkIeAuzaWB+nK0XK54uSD46pp+dMD3gAcB4=",
        "owner": "numtide",
        "repo": "treefmt-nix",
        "rev": "e82f32aa7f06bbbd56d7b12186d555223dc399d1",
        "type": "github"
      },
      "original": {
        "owner": "numtide",
        "repo": "treefmt-nix",
        "type": "github"
      }
    }
  },
  "root": "root",
  "version": 7
}
